
Microsoft Visual Studio Solution File, Format Version 12.00
# Visual Studio Version 16
VisualStudioVersion = 16.0.30611.23
MinimumVisualStudioVersion = 10.0.40219.1
Project("{FAE04EC0-301F-11D3-BF4B-00C04F79EFBC}") = "Manis_Assignment_9_PaintingDemo", "Manis_Assignment_9_PaintingDemo.csproj", "{23EC1103-B1D2-4CBE-A599-A02E08E9EEE9}"
EndProject
Global
	GlobalSection(SolutionConfigurationPlatforms) = preSolution
		Debug|Any CPU = Debug|Any CPU
		Release|Any CPU = Release|Any CPU
	EndGlobalSection
	GlobalSection(ProjectConfigurationPlatforms) = postSolution
		{23EC1103-B1D2-4CBE-A599-A02E08E9EEE9}.Debug|Any CPU.ActiveCfg = Debug|Any CPU
		{23EC1103-B1D2-4CBE-A599-A02E08E9EEE9}.Debug|Any CPU.Build.0 = Debug|Any CPU
		{23EC1103-B1D2-4CBE-A599-A02E08E9EEE9}.Release|Any CPU.ActiveCfg = Release|Any CPU
		{23EC1103-B1D2-4CBE-A599-A02E08E9EEE9}.Release|Any CPU.Build.0 = Release|Any CPU
	EndGlobalSection
	GlobalSection(SolutionProperties) = preSolution
		HideSolutionNode = FALSE
	EndGlobalSection
	GlobalSection(ExtensibilityGlobals) = postSolution
		SolutionGuid = {C9D9EE62-C295-4BA6-A02E-E66994CE633F}
	EndGlobalSection
EndGlobal
